// !$*UTF8*$!
{
	archiveVersion = 1;
	classes = {
	};
	objectVersion = 56;
	objects = {

/* Begin PBXAggregateTarget section */
/* End PBXAggregateTarget section */

/* Begin PBXBuildFile section */
/* End PBXBuildFile section */

/* Begin PBXFileReference section */
		AA0000010000000000000001 /* LegadoBridge */ = {isa = PBXFileReference; explicitFileType = wrapper.framework; includeInIndex = 0; path = LegadoBridge.framework; sourceTree = BUILT_PRODUCTS_DIR; };
		AA0000020000000000000001 /* Package.swift */ = {isa = PBXFileReference; lastKnownFileType = sourcecode.swift; path = Package.swift; sourceTree = "<group>"; };
/* End PBXFileReference section */

/* Begin PBXFrameworksBuildPhase section */
/* End PBXFrameworksBuildPhase section */

/* Begin PBXGroup section */
		AA0000030000000000000001 = {
			isa = PBXGroup;
			children = (
				AA0000020000000000000001 /* Package.swift */,
				AA0000040000000000000001 /* Products */,
			);
			sourceTree = "<group>";
		};
		AA0000040000000000000001 /* Products */ = {
			isa = PBXGroup;
			children = (
				AA0000010000000000000001 /* LegadoBridge */,
			);
			name = Products;
			sourceTree = "<group>";
		};
/* End PBXGroup section */

/* Begin PBXNativeTarget section */
/* End PBXNativeTarget section */

/* Begin PBXProject section */
		AA0000050000000000000001 /* Project object */ = {
			isa = PBXProject;
			attributes = {
				BuildIndependentTargetsInParallel = 1;
				LastSwiftUpdateCheck = 1540;
				LastUpgradeCheck = 1540;
			};
			buildConfigurationList = AA0000060000000000000001 /* Build configuration list for PBXProject "LegadoBridge" */;
			compatibilityVersion = "Xcode 14.0";
			developmentRegion = en;
			hasScannedForEncodings = 0;
			knownRegions = (
				en,
				Base,
			);
			mainGroup = AA0000030000000000000001;
			packageReferences = (
			);
			productRefGroup = AA0000040000000000000001 /* Products */;
			projectDirPath = "";
			projectRoot = "";
			targets = (
			);
		};
/* End PBXProject section */

/* Begin XCBuildConfiguration section */
		AA0000070000000000000001 /* Debug */ = {
			isa = XCBuildConfiguration;
			buildSettings = {
				IPHONEOS_DEPLOYMENT_TARGET = 13.0;
				SWIFT_VERSION = 5.9;
			};
			name = Debug;
		};
		AA0000080000000000000001 /* Release */ = {
			isa = XCBuildConfiguration;
			buildSettings = {
				IPHONEOS_DEPLOYMENT_TARGET = 13.0;
				SWIFT_VERSION = 5.9;
			};
			name = Release;
		};
/* End XCBuildConfiguration section */

/* Begin XCConfigurationList section */
		AA0000060000000000000001 /* Build configuration list for PBXProject "LegadoBridge" */ = {
			isa = XCConfigurationList;
			buildConfigurations = (
				AA0000070000000000000001 /* Debug */,
				AA0000080000000000000001 /* Release */,
			);
			defaultConfigurationIsVisible = 0;
			defaultConfigurationName = Release;
		};
/* End XCConfigurationList section */
	};
	rootObject = AA0000050000000000000001 /* Project object */;
}
